// !$*UTF8*$!
{
	archiveVersion = 1;
	classes = {
	};
	objectVersion = 46;
	objects = {

/* Begin PBXBuildFile section */
		CBE9F35F1BB5D77D0033D289 /* main.m in Sources */ = {isa = PBXBuildFile; fileRef = CBE9F35E1BB5D77D0033D289 /* main.m */; };
		CBE9F3671BB5D7AB0033D289 /* LZSingleton.m in Sources */ = {isa = PBXBuildFile; fileRef = CBE9F3661BB5D7AB0033D289 /* LZSingleton.m */; };
/* End PBXBuildFile section */

/* Begin PBXCopyFilesBuildPhase section */
		CBE9F3591BB5D77D0033D289 /* CopyFiles */ = {
			isa = PBXCopyFilesBuildPhase;
			buildActionMask = 2147483647;
			dstPath = /usr/share/man/man1/;
			dstSubfolderSpec = 0;
			files = (
			);
			runOnlyForDeploymentPostprocessing = 1;
		};
/* End PBXCopyFilesBuildPhase section */

/* Begin PBXFileReference section */
		CBE9F35B1BB5D77D0033D289 /* LZSingleton */ = {isa = PBXFileReference; explicitFileType = "compiled.mach-o.executable"; includeInIndex = 0; path = LZSingleton; sourceTree = BUILT_PRODUCTS_DIR; };
		CBE9F35E1BB5D77D0033D289 /* main.m */ = {isa = PBXFileReference; lastKnownFileType = sourcecode.c.objc; path = main.m; sourceTree = "<group>"; };
		CBE9F3651BB5D7AB0033D289 /* LZSingleton.h */ = {isa = PBXFileReference; fileEncoding = 4; lastKnownFileType = sourcecode.c.h; path = LZSingleton.h; sourceTree = "<group>"; };
		CBE9F3661BB5D7AB0033D289 /* LZSingleton.m */ = {isa = PBXFileReference; fileEncoding = 4; lastKnownFileType = sourcecode.c.objc; path = LZSingleton.m; sourceTree = "<group>"; };
/* End PBXFileReference section */

/* Begin PBXFrameworksBuildPhase section */
		CBE9F3581BB5D77D0033D289 /* Frameworks */ = {
			isa = PBXFrameworksBuildPhase;
			buildActionMask = 2147483647;
			files = (
			);
			runOnlyForDeploymentPostprocessing = 0;
		};
/* End PBXFrameworksBuildPhase section */

/* Begin PBXGroup section */
		CBE9F3521BB5D77D0033D289 = {
			isa = PBXGroup;
			children = (
				CBE9F35D1BB5D77D0033D289 /* LZSingleton */,
				CBE9F35C1BB5D77D0033D289 /* Products */,
			);
			sourceTree = "<group>";
		};
		CBE9F35C1BB5D77D0033D289 /* Products */ = {
			isa = PBXGroup;
			children = (
				CBE9F35B1BB5D77D0033D289 /* LZSingleton */,
			);
			name = Products;
			sourceTree = "<group>";
		};
		CBE9F35D1BB5D77D0033D289 /* LZSingleton */ = {
			isa = PBXGroup;
			children = (
				CBE9F35E1BB5D77D0033D289 /* main.m */,
				CBE9F3651BB5D7AB0033D289 /* LZSingleton.h */,
				CBE9F3661BB5D7AB0033D289 /* LZSingleton.m */,
			);
			path = LZSingleton;
			sourceTree = "<group>";
		};
/* End PBXGroup section */

/* Begin PBXNativeTarget section */
		CBE9F35A1BB5D77D0033D289 /* LZSingleton */ = {
			isa = PBXNativeTarget;
			buildConfigurationList = CBE9F3621BB5D77D0033D289 /* Build configuration list for PBXNativeTarget "LZSingleton" */;
			buildPhases = (
				CBE9F3571BB5D77D0033D289 /* Sources */,
				CBE9F3581BB5D77D0033D289 /* Frameworks */,
				CBE9F3591BB5D77D0033D289 /* CopyFiles */,
			);
			buildRules = (
			);
			dependencies = (
			);
			name = LZSingleton;
			productName = LZSingleton;
			productReference = CBE9F35B1BB5D77D0033D289 /* LZSingleton */;
			productType = "com.apple.product-type.tool";
		};
/* End PBXNativeTarget section */

/* Begin PBXProject section */
		CBE9F3531BB5D77D0033D289 /* Project object */ = {
			isa = PBXProject;
			attributes = {
				LastUpgradeCheck = 0630;
				ORGANIZATIONNAME = com.comst1314;
				TargetAttributes = {
					CBE9F35A1BB5D77D0033D289 = {
						CreatedOnToolsVersion = 6.3.2;
					};
				};
			};
			buildConfigurationList = CBE9F3561BB5D77D0033D289 /* Build configuration list for PBXProject "LZSingleton" */;
			compatibilityVersion = "Xcode 3.2";
			developmentRegion = English;
			hasScannedForEncodings = 0;
			knownRegions = (
				en,
			);
			mainGroup = CBE9F3521BB5D77D0033D289;
			productRefGroup = CBE9F35C1BB5D77D0033D289 /* Products */;
			projectDirPath = "";
			projectRoot = "";
			targets = (
				CBE9F35A1BB5D77D0033D289 /* LZSingleton */,
			);
		};
/* End PBXProject section */

/* Begin PBXSourcesBuildPhase section */
		CBE9F3571BB5D77D0033D289 /* Sources */ = {
			isa = PBXSourcesBuildPhase;
			buildActionMask = 2147483647;
			files = (
				CBE9F35F1BB5D77D0033D289 /* main.m in Sources */,
				CBE9F3671BB5D7AB0033D289 /* LZSingleton.m in Sources */,
			);
			runOnlyForDeploymentPostprocessing = 0;
		};
/* End PBXSourcesBuildPhase section */

/* Begin XCBuildConfiguration section */
		CBE9F3601BB5D77D0033D289 /* Debug */ = {
			isa = XCBuildConfiguration;
			buildSettings = {
				ALWAYS_SEARCH_USER_PATHS = NO;
				CLANG_CXX_LANGUAGE_STANDARD = "gnu++0x";
				CLANG_CXX_LIBRARY = "libc++";
				CLANG_ENABLE_MODULES = YES;
				CLANG_ENABLE_OBJC_ARC = YES;
				CLANG_WARN_BOOL_CONVERSION = YES;
				CLANG_WARN_CONSTANT_CONVERSION = YES;
				CLANG_WARN_DIRECT_OBJC_ISA_USAGE = YES_ERROR;
				CLANG_WARN_EMPTY_BODY = YES;
				CLANG_WARN_ENUM_CONVERSION = YES;
				CLANG_WARN_INT_CONVERSION = YES;
				CLANG_WARN_OBJC_ROOT_CLASS = YES_ERROR;
				CLANG_WARN_UNREACHABLE_CODE = YES;
				CLANG_WARN__DUPLICATE_METHOD_MATCH = YES;
				COPY_PHASE_STRIP = NO;
				DEBUG_INFORMATION_FORMAT = dwarf;
				ENABLE_STRICT_OBJC_MSGSEND = YES;
				GCC_C_LANGUAGE_STANDARD = gnu99;
				GCC_DYNAMIC_NO_PIC = NO;
				GCC_NO_COMMON_BLOCKS = YES;
				GCC_OPTIMIZATION_LEVEL = 0;
				GCC_PREPROCESSOR_DEFINITIONS = (
					"DEBUG=1",
					"$(inherited)",
				);
				GCC_SYMBOLS_PRIVATE_EXTERN = NO;
				GCC_WARN_64_TO_32_BIT_CONVERSION = YES;
				GCC_WARN_ABOUT_RETURN_TYPE = YES_ERROR;
				GCC_WARN_UNDECLARED_SELECTOR = YES;
				GCC_WARN_UNINITIALIZED_AUTOS = YES_AGGRESSIVE;
				GCC_WARN_UNUSED_FUNCTION = YES;
				GCC_WARN_UNUSED_VARIABLE = YES;
				MACOSX_DEPLOYMENT_TARGET = 10.10;
				MTL_ENABLE_DEBUG_INFO = YES;
				ONLY_ACTIVE_ARCH = YES;
				SDKROOT = macosx;
			};
			name = Debug;
		};
		CBE9F3611BB5D77D0033D289 /* Release */ = {
			isa = XCBuildConfiguration;
			buildSettings = {
				ALWAYS_SEARCH_USER_PATHS = NO;
				CLANG_CXX_LANGUAGE_STANDARD = "gnu++0x";
				CLANG_CXX_LIBRARY = "libc++";
				CLANG_ENABLE_MODULES = YES;
				CLANG_ENABLE_OBJC_ARC = YES;
				CLANG_WARN_BOOL_CONVERSION = YES;
				CLANG_WARN_CONSTANT_CONVERSION = YES;
				CLANG_WARN_DIRECT_OBJC_ISA_USAGE = YES_ERROR;
				CLANG_WARN_EMPTY_BODY = YES;
				CLANG_WARN_ENUM_CONVERSION = YES;
				CLANG_WARN_INT_CONVERSION = YES;
				CLANG_WARN_OBJC_ROOT_CLASS = YES_ERROR;
				CLANG_WARN_UNREACHABLE_CODE = YES;
				CLANG_WARN__DUPLICATE_METHOD_MATCH = YES;
				COPY_PHASE_STRIP = NO;
				DEBUG_INFORMATION_FORMAT = "dwarf-with-dsym";
				ENABLE_NS_ASSERTIONS = NO;
				ENABLE_STRICT_OBJC_MSGSEND = YES;
				GCC_C_LANGUAGE_STANDARD = gnu99;
				GCC_NO_COMMON_BLOCKS = YES;
				GCC_WARN_64_TO_32_BIT_CONVERSION = YES;
				GCC_WARN_ABOUT_RETURN_TYPE = YES_ERROR;
				GCC_WARN_UNDECLARED_SELECTOR = YES;
				GCC_WARN_UNINITIALIZED_AUTOS = YES_AGGRESSIVE;
				GCC_WARN_UNUSED_FUNCTION = YES;
				GCC_WARN_UNUSED_VARIABLE = YES;
				MACOSX_DEPLOYMENT_TARGET = 10.10;
				MTL_ENABLE_DEBUG_INFO = NO;
				SDKROOT = macosx;
			};
			name = Release;
		};
		CBE9F3631BB5D77D0033D289 /* Debug */ = {
			isa = XCBuildConfiguration;
			buildSettings = {
				PRODUCT_NAME = "$(TARGET_NAME)";
			};
			name = Debug;
		};
		CBE9F3641BB5D77D0033D289 /* Release */ = {
			isa = XCBuildConfiguration;
			buildSettings = {
				PRODUCT_NAME = "$(TARGET_NAME)";
			};
			name = Release;
		};
/* End XCBuildConfiguration section */

/* Begin XCConfigurationList section */
		CBE9F3561BB5D77D0033D289 /* Build configuration list for PBXProject "LZSingleton" */ = {
			isa = XCConfigurationList;
			buildConfigurations = (
				CBE9F3601BB5D77D0033D289 /* Debug */,
				CBE9F3611BB5D77D0033D289 /* Release */,
			);
			defaultConfigurationIsVisible = 0;
			defaultConfigurationName = Release;
		};
		CBE9F3621BB5D77D0033D289 /* Build configuration list for PBXNativeTarget "LZSingleton" */ = {
			isa = XCConfigurationList;
			buildConfigurations = (
				CBE9F3631BB5D77D0033D289 /* Debug */,
				CBE9F3641BB5D77D0033D289 /* Release */,
			);
			defaultConfigurationIsVisible = 0;
		};
/* End XCConfigurationList section */
	};
	rootObject = CBE9F3531BB5D77D0033D289 /* Project object */;
}
